{
  "requires": true,
  "lockfileVersion": 1,
  "dependencies": {
    "bluebird": {
      "version": "3.7.2",
      "resolved": "https://registry.npmjs.org/bluebird/-/bluebird-3.7.2.tgz",
      "integrity": "sha512-XpNj6GDQzdfW+r2Wnn7xiSAd7TM3jzkxGXBGTtWKuSXv1xUV+azxAm8jdWZN06QTQk+2N2XB9jRDkvbmQmcRtg=="
    },
    "serverless-scriptable-plugin": {
      "version": "1.0.5",
      "resolved": "https://registry.npmjs.org/serverless-scriptable-plugin/-/serverless-scriptable-plugin-1.0.5.tgz",
      "integrity": "sha512-g4DFVeitfxHdZeSoS6eWsQcj0hCASWmZTzECKOnXe/kM/ooX3ITOJIL9SBM6b//YOiiWeIbMdLv5zqTxF31FUQ==",
      "requires": {
        "bluebird": "3.7.2"
      }
    }
  }
}
