# THIS IS AN AUTOGENERATED FILE. DO NOT EDIT THIS FILE DIRECTLY.
# yarn lockfile v1


bluebird@3.7.2:
  version "3.7.2"
  resolved "https://registry.yarnpkg.com/bluebird/-/bluebird-3.7.2.tgz#9f229c15be272454ffa973ace0dbee79a1b0c36f"
  integrity sha512-XpNj6GDQzdfW+r2Wnn7xiSAd7TM3jzkxGXBGTtWKuSXv1xUV+azxAm8jdWZN06QTQk+2N2XB9jRDkvbmQmcRtg==

serverless-scriptable-plugin@^1.0.5:
  version "1.0.5"
  resolved "https://registry.yarnpkg.com/serverless-scriptable-plugin/-/serverless-scriptable-plugin-1.0.5.tgz#0950ad2761cde4a6da90ccb848319b3ff6f796eb"
  integrity sha512-g4DFVeitfxHdZeSoS6eWsQcj0hCASWmZTzECKOnXe/kM/ooX3ITOJIL9SBM6b//YOiiWeIbMdLv5zqTxF31FUQ==
  dependencies:
    bluebird "3.7.2"
